
Microsoft Visual Studio Solution File, Format Version 12.00
# Visual Studio Version 16
VisualStudioVersion = 16.0.30717.126
MinimumVisualStudioVersion = 10.0.40219.1
Project("{FAE04EC0-301F-11D3-BF4B-00C04F79EFBC}") = "Lab-2", "Lab-2\Lab-2.csproj", "{64D532DC-3F78-4A5D-8BCB-7414C7A07E13}"
EndProject
Global
	GlobalSection(SolutionConfigurationPlatforms) = preSolution
		Debug|Any CPU = Debug|Any CPU
		Release|Any CPU = Release|Any CPU
	EndGlobalSection
	GlobalSection(ProjectConfigurationPlatforms) = postSolution
		{64D532DC-3F78-4A5D-8BCB-7414C7A07E13}.Debug|Any CPU.ActiveCfg = Debug|Any CPU
		{64D532DC-3F78-4A5D-8BCB-7414C7A07E13}.Debug|Any CPU.Build.0 = Debug|Any CPU
		{64D532DC-3F78-4A5D-8BCB-7414C7A07E13}.Release|Any CPU.ActiveCfg = Release|Any CPU
		{64D532DC-3F78-4A5D-8BCB-7414C7A07E13}.Release|Any CPU.Build.0 = Release|Any CPU
	EndGlobalSection
	GlobalSection(SolutionProperties) = preSolution
		HideSolutionNode = FALSE
	EndGlobalSection
	GlobalSection(ExtensibilityGlobals) = postSolution
		SolutionGuid = {2E297809-23C1-4B7A-BC1E-ED4C49CC04A9}
	EndGlobalSection
EndGlobal
